// !$*UTF8*$!
{
	archiveVersion = 1;
	classes = {
	};
	objectVersion = 48;
	objects = {

/* Begin PBXBuildFile section */
		0907BD81205737090021A709 /* hpccw.cpp in Sources */ = {isa = PBXBuildFile; fileRef = 0907BD80205737090021A709 /* hpccw.cpp */; };
		0909AA2520588AB600BB2782 /* left.cpp in Sources */ = {isa = PBXBuildFile; fileRef = 0909AA2320588AB600BB2782 /* left.cpp */; };
		0909AA2820588ACB00BB2782 /* right.cpp in Sources */ = {isa = PBXBuildFile; fileRef = 0909AA2620588ACB00BB2782 /* right.cpp */; };
		0909AA2E2059D7F400BB2782 /* makefile in Sources */ = {isa = PBXBuildFile; fileRef = 0909AA2D2059D7F400BB2782 /* makefile */; };
/* End PBXBuildFile section */

/* Begin PBXCopyFilesBuildPhase section */
		0952244C205351AA00BE3975 /* CopyFiles */ = {
			isa = PBXCopyFilesBuildPhase;
			buildActionMask = 2147483647;
			dstPath = /usr/share/man/man1/;
			dstSubfolderSpec = 0;
			files = (
			);
			runOnlyForDeploymentPostprocessing = 1;
		};
/* End PBXCopyFilesBuildPhase section */

/* Begin PBXFileReference section */
		0907BD80205737090021A709 /* hpccw.cpp */ = {isa = PBXFileReference; fileEncoding = 4; lastKnownFileType = sourcecode.cpp.cpp; path = hpccw.cpp; sourceTree = "<group>"; };
		0909AA2320588AB600BB2782 /* left.cpp */ = {isa = PBXFileReference; lastKnownFileType = sourcecode.cpp.cpp; path = left.cpp; sourceTree = "<group>"; };
		0909AA2420588AB600BB2782 /* left.hpp */ = {isa = PBXFileReference; lastKnownFileType = sourcecode.cpp.h; path = left.hpp; sourceTree = "<group>"; };
		0909AA2620588ACB00BB2782 /* right.cpp */ = {isa = PBXFileReference; lastKnownFileType = sourcecode.cpp.cpp; path = right.cpp; sourceTree = "<group>"; };
		0909AA2720588ACB00BB2782 /* right.hpp */ = {isa = PBXFileReference; lastKnownFileType = sourcecode.cpp.h; path = right.hpp; sourceTree = "<group>"; };
		0909AA2D2059D7F400BB2782 /* makefile */ = {isa = PBXFileReference; lastKnownFileType = sourcecode.make; path = makefile; sourceTree = "<group>"; };
		0909AA2F2059EC0700BB2782 /* print.h */ = {isa = PBXFileReference; lastKnownFileType = sourcecode.c.h; path = print.h; sourceTree = "<group>"; };
		0909AA302059EEBA00BB2782 /* zeros.h */ = {isa = PBXFileReference; lastKnownFileType = sourcecode.c.h; path = zeros.h; sourceTree = "<group>"; };
		0909AA312059EEFA00BB2782 /* F77.h */ = {isa = PBXFileReference; lastKnownFileType = sourcecode.c.h; path = F77.h; sourceTree = "<group>"; };
		0909AA322059EF3300BB2782 /* gvtk.h */ = {isa = PBXFileReference; lastKnownFileType = sourcecode.c.h; path = gvtk.h; sourceTree = "<group>"; };
		0952244E205351AA00BE3975 /* hpc */ = {isa = PBXFileReference; explicitFileType = "compiled.mach-o.executable"; includeInIndex = 0; path = hpc; sourceTree = BUILT_PRODUCTS_DIR; };
/* End PBXFileReference section */

/* Begin PBXFrameworksBuildPhase section */
		0952244B205351AA00BE3975 /* Frameworks */ = {
			isa = PBXFrameworksBuildPhase;
			buildActionMask = 2147483647;
			files = (
			);
			runOnlyForDeploymentPostprocessing = 0;
		};
/* End PBXFrameworksBuildPhase section */

/* Begin PBXGroup section */
		09522445205351AA00BE3975 = {
			isa = PBXGroup;
			children = (
				09522450205351AA00BE3975 /* hpc */,
				0952244F205351AA00BE3975 /* Products */,
			);
			sourceTree = "<group>";
		};
		0952244F205351AA00BE3975 /* Products */ = {
			isa = PBXGroup;
			children = (
				0952244E205351AA00BE3975 /* hpc */,
			);
			name = Products;
			sourceTree = "<group>";
		};
		09522450205351AA00BE3975 /* hpc */ = {
			isa = PBXGroup;
			children = (
				0909AA2D2059D7F400BB2782 /* makefile */,
				0907BD80205737090021A709 /* hpccw.cpp */,
				0909AA322059EF3300BB2782 /* gvtk.h */,
				0909AA312059EEFA00BB2782 /* F77.h */,
				0909AA302059EEBA00BB2782 /* zeros.h */,
				0909AA2320588AB600BB2782 /* left.cpp */,
				0909AA2420588AB600BB2782 /* left.hpp */,
				0909AA2620588ACB00BB2782 /* right.cpp */,
				0909AA2720588ACB00BB2782 /* right.hpp */,
				0909AA2F2059EC0700BB2782 /* print.h */,
			);
			path = hpc;
			sourceTree = "<group>";
		};
/* End PBXGroup section */

/* Begin PBXNativeTarget section */
		0952244D205351AA00BE3975 /* hpc */ = {
			isa = PBXNativeTarget;
			buildConfigurationList = 09522455205351AA00BE3975 /* Build configuration list for PBXNativeTarget "hpc" */;
			buildPhases = (
				0952244A205351AA00BE3975 /* Sources */,
				0952244B205351AA00BE3975 /* Frameworks */,
				0952244C205351AA00BE3975 /* CopyFiles */,
			);
			buildRules = (
			);
			dependencies = (
			);
			name = hpc;
			productName = hpc;
			productReference = 0952244E205351AA00BE3975 /* hpc */;
			productType = "com.apple.product-type.tool";
		};
/* End PBXNativeTarget section */

/* Begin PBXProject section */
		09522446205351AA00BE3975 /* Project object */ = {
			isa = PBXProject;
			attributes = {
				LastUpgradeCheck = 0920;
				ORGANIZATIONNAME = joe;
				TargetAttributes = {
					0952244D205351AA00BE3975 = {
						CreatedOnToolsVersion = 9.2;
						ProvisioningStyle = Automatic;
					};
				};
			};
			buildConfigurationList = 09522449205351AA00BE3975 /* Build configuration list for PBXProject "hpc" */;
			compatibilityVersion = "Xcode 8.0";
			developmentRegion = en;
			hasScannedForEncodings = 0;
			knownRegions = (
				en,
			);
			mainGroup = 09522445205351AA00BE3975;
			productRefGroup = 0952244F205351AA00BE3975 /* Products */;
			projectDirPath = "";
			projectRoot = "";
			targets = (
				0952244D205351AA00BE3975 /* hpc */,
			);
		};
/* End PBXProject section */

/* Begin PBXSourcesBuildPhase section */
		0952244A205351AA00BE3975 /* Sources */ = {
			isa = PBXSourcesBuildPhase;
			buildActionMask = 2147483647;
			files = (
				0909AA2820588ACB00BB2782 /* right.cpp in Sources */,
				0907BD81205737090021A709 /* hpccw.cpp in Sources */,
				0909AA2E2059D7F400BB2782 /* makefile in Sources */,
				0909AA2520588AB600BB2782 /* left.cpp in Sources */,
			);
			runOnlyForDeploymentPostprocessing = 0;
		};
/* End PBXSourcesBuildPhase section */

/* Begin XCBuildConfiguration section */
		09522453205351AA00BE3975 /* Debug */ = {
			isa = XCBuildConfiguration;
			buildSettings = {
				ALWAYS_SEARCH_USER_PATHS = NO;
				CLANG_ANALYZER_NONNULL = YES;
				CLANG_ANALYZER_NUMBER_OBJECT_CONVERSION = YES_AGGRESSIVE;
				CLANG_CXX_LANGUAGE_STANDARD = "gnu++14";
				CLANG_CXX_LIBRARY = "libc++";
				CLANG_ENABLE_MODULES = YES;
				CLANG_ENABLE_OBJC_ARC = YES;
				CLANG_WARN_BLOCK_CAPTURE_AUTORELEASING = YES;
				CLANG_WARN_BOOL_CONVERSION = YES;
				CLANG_WARN_COMMA = YES;
				CLANG_WARN_CONSTANT_CONVERSION = YES;
				CLANG_WARN_DIRECT_OBJC_ISA_USAGE = YES_ERROR;
				CLANG_WARN_DOCUMENTATION_COMMENTS = YES;
				CLANG_WARN_EMPTY_BODY = YES;
				CLANG_WARN_ENUM_CONVERSION = YES;
				CLANG_WARN_INFINITE_RECURSION = YES;
				CLANG_WARN_INT_CONVERSION = YES;
				CLANG_WARN_NON_LITERAL_NULL_CONVERSION = YES;
				CLANG_WARN_OBJC_LITERAL_CONVERSION = YES;
				CLANG_WARN_OBJC_ROOT_CLASS = YES_ERROR;
				CLANG_WARN_RANGE_LOOP_ANALYSIS = YES;
				CLANG_WARN_STRICT_PROTOTYPES = YES;
				CLANG_WARN_SUSPICIOUS_MOVE = YES;
				CLANG_WARN_UNGUARDED_AVAILABILITY = YES_AGGRESSIVE;
				CLANG_WARN_UNREACHABLE_CODE = YES;
				CLANG_WARN__DUPLICATE_METHOD_MATCH = YES;
				CODE_SIGN_IDENTITY = "-";
				COPY_PHASE_STRIP = NO;
				DEBUG_INFORMATION_FORMAT = dwarf;
				ENABLE_STRICT_OBJC_MSGSEND = YES;
				ENABLE_TESTABILITY = YES;
				GCC_C_LANGUAGE_STANDARD = gnu11;
				GCC_DYNAMIC_NO_PIC = NO;
				GCC_NO_COMMON_BLOCKS = YES;
				GCC_OPTIMIZATION_LEVEL = 0;
				GCC_PREPROCESSOR_DEFINITIONS = (
					"DEBUG=1",
					"$(inherited)",
				);
				GCC_WARN_64_TO_32_BIT_CONVERSION = YES;
				GCC_WARN_ABOUT_RETURN_TYPE = YES_ERROR;
				GCC_WARN_UNDECLARED_SELECTOR = YES;
				GCC_WARN_UNINITIALIZED_AUTOS = YES_AGGRESSIVE;
				GCC_WARN_UNUSED_FUNCTION = YES;
				GCC_WARN_UNUSED_VARIABLE = YES;
				MACOSX_DEPLOYMENT_TARGET = 10.13;
				MTL_ENABLE_DEBUG_INFO = YES;
				ONLY_ACTIVE_ARCH = YES;
				SDKROOT = macosx;
			};
			name = Debug;
		};
		09522454205351AA00BE3975 /* Release */ = {
			isa = XCBuildConfiguration;
			buildSettings = {
				ALWAYS_SEARCH_USER_PATHS = NO;
				CLANG_ANALYZER_NONNULL = YES;
				CLANG_ANALYZER_NUMBER_OBJECT_CONVERSION = YES_AGGRESSIVE;
				CLANG_CXX_LANGUAGE_STANDARD = "gnu++14";
				CLANG_CXX_LIBRARY = "libc++";
				CLANG_ENABLE_MODULES = YES;
				CLANG_ENABLE_OBJC_ARC = YES;
				CLANG_WARN_BLOCK_CAPTURE_AUTORELEASING = YES;
				CLANG_WARN_BOOL_CONVERSION = YES;
				CLANG_WARN_COMMA = YES;
				CLANG_WARN_CONSTANT_CONVERSION = YES;
				CLANG_WARN_DIRECT_OBJC_ISA_USAGE = YES_ERROR;
				CLANG_WARN_DOCUMENTATION_COMMENTS = YES;
				CLANG_WARN_EMPTY_BODY = YES;
				CLANG_WARN_ENUM_CONVERSION = YES;
				CLANG_WARN_INFINITE_RECURSION = YES;
				CLANG_WARN_INT_CONVERSION = YES;
				CLANG_WARN_NON_LITERAL_NULL_CONVERSION = YES;
				CLANG_WARN_OBJC_LITERAL_CONVERSION = YES;
				CLANG_WARN_OBJC_ROOT_CLASS = YES_ERROR;
				CLANG_WARN_RANGE_LOOP_ANALYSIS = YES;
				CLANG_WARN_STRICT_PROTOTYPES = YES;
				CLANG_WARN_SUSPICIOUS_MOVE = YES;
				CLANG_WARN_UNGUARDED_AVAILABILITY = YES_AGGRESSIVE;
				CLANG_WARN_UNREACHABLE_CODE = YES;
				CLANG_WARN__DUPLICATE_METHOD_MATCH = YES;
				CODE_SIGN_IDENTITY = "-";
				COPY_PHASE_STRIP = NO;
				DEBUG_INFORMATION_FORMAT = "dwarf-with-dsym";
				ENABLE_NS_ASSERTIONS = NO;
				ENABLE_STRICT_OBJC_MSGSEND = YES;
				GCC_C_LANGUAGE_STANDARD = gnu11;
				GCC_NO_COMMON_BLOCKS = YES;
				GCC_WARN_64_TO_32_BIT_CONVERSION = YES;
				GCC_WARN_ABOUT_RETURN_TYPE = YES_ERROR;
				GCC_WARN_UNDECLARED_SELECTOR = YES;
				GCC_WARN_UNINITIALIZED_AUTOS = YES_AGGRESSIVE;
				GCC_WARN_UNUSED_FUNCTION = YES;
				GCC_WARN_UNUSED_VARIABLE = YES;
				MACOSX_DEPLOYMENT_TARGET = 10.13;
				MTL_ENABLE_DEBUG_INFO = NO;
				SDKROOT = macosx;
			};
			name = Release;
		};
		09522456205351AA00BE3975 /* Debug */ = {
			isa = XCBuildConfiguration;
			buildSettings = {
				CODE_SIGN_STYLE = Automatic;
				PRODUCT_NAME = "$(TARGET_NAME)";
			};
			name = Debug;
		};
		09522457205351AA00BE3975 /* Release */ = {
			isa = XCBuildConfiguration;
			buildSettings = {
				CODE_SIGN_STYLE = Automatic;
				PRODUCT_NAME = "$(TARGET_NAME)";
			};
			name = Release;
		};
/* End XCBuildConfiguration section */

/* Begin XCConfigurationList section */
		09522449205351AA00BE3975 /* Build configuration list for PBXProject "hpc" */ = {
			isa = XCConfigurationList;
			buildConfigurations = (
				09522453205351AA00BE3975 /* Debug */,
				09522454205351AA00BE3975 /* Release */,
			);
			defaultConfigurationIsVisible = 0;
			defaultConfigurationName = Release;
		};
		09522455205351AA00BE3975 /* Build configuration list for PBXNativeTarget "hpc" */ = {
			isa = XCConfigurationList;
			buildConfigurations = (
				09522456205351AA00BE3975 /* Debug */,
				09522457205351AA00BE3975 /* Release */,
			);
			defaultConfigurationIsVisible = 0;
			defaultConfigurationName = Release;
		};
/* End XCConfigurationList section */
	};
	rootObject = 09522446205351AA00BE3975 /* Project object */;
}
